
Microsoft Visual Studio Solution File, Format Version 12.00
# Visual Studio Version 17
VisualStudioVersion = 17.4.33110.190
MinimumVisualStudioVersion = 10.0.40219.1
Project("{9A19103F-16F7-4668-BE54-9A1E7A4F7556}") = "CompanyEmployees", "CompanyEmployees\CompanyEmployees.csproj", "{B74D7D02-EA53-453E-B93B-957748CFBFD7}"
EndProject
Project("{9A19103F-16F7-4668-BE54-9A1E7A4F7556}") = "Contracts", "Contracts\Contracts.csproj", "{7E14F495-32E8-4E74-B7D3-78D0F8683490}"
EndProject
Project("{9A19103F-16F7-4668-BE54-9A1E7A4F7556}") = "LoggerService", "LoggerService\LoggerService.csproj", "{CEF315A3-C685-4359-989E-78257D8C5929}"
EndProject
Project("{9A19103F-16F7-4668-BE54-9A1E7A4F7556}") = "Entities", "Entities\Entities.csproj", "{E733900F-7C48-4BC1-B52A-D3B5EAAA9540}"
EndProject
Project("{9A19103F-16F7-4668-BE54-9A1E7A4F7556}") = "Repository", "Repository\Repository.csproj", "{9A033FFD-65B3-4135-A5F6-2638E63F5EEC}"
EndProject
Project("{9A19103F-16F7-4668-BE54-9A1E7A4F7556}") = "Service.Contracts", "Service.Contracts\Service.Contracts.csproj", "{0A712C23-EB79-4239-A3AB-FE945F5A0CFA}"
EndProject
Project("{9A19103F-16F7-4668-BE54-9A1E7A4F7556}") = "Service", "Service\Service.csproj", "{A1323ABD-7431-469A-8CF1-B01A91DA2642}"
EndProject
Project("{9A19103F-16F7-4668-BE54-9A1E7A4F7556}") = "CompanyEmployees.Presentation", "CompanyEmployees.Presentation\CompanyEmployees.Presentation.csproj", "{DE9CD403-77A3-40DF-8E97-47CC2EC3FBDC}"
EndProject
Project("{FAE04EC0-301F-11D3-BF4B-00C04F79EFBC}") = "Shared", "Shared\Shared.csproj", "{D8AF9038-D9BC-4F97-8880-5D594972F1D3}"
EndProject
Global
	GlobalSection(SolutionConfigurationPlatforms) = preSolution
		Debug|Any CPU = Debug|Any CPU
		Release|Any CPU = Release|Any CPU
	EndGlobalSection
	GlobalSection(ProjectConfigurationPlatforms) = postSolution
		{B74D7D02-EA53-453E-B93B-957748CFBFD7}.Debug|Any CPU.ActiveCfg = Debug|Any CPU
		{B74D7D02-EA53-453E-B93B-957748CFBFD7}.Debug|Any CPU.Build.0 = Debug|Any CPU
		{B74D7D02-EA53-453E-B93B-957748CFBFD7}.Release|Any CPU.ActiveCfg = Release|Any CPU
		{B74D7D02-EA53-453E-B93B-957748CFBFD7}.Release|Any CPU.Build.0 = Release|Any CPU
		{7E14F495-32E8-4E74-B7D3-78D0F8683490}.Debug|Any CPU.ActiveCfg = Debug|Any CPU
		{7E14F495-32E8-4E74-B7D3-78D0F8683490}.Debug|Any CPU.Build.0 = Debug|Any CPU
		{7E14F495-32E8-4E74-B7D3-78D0F8683490}.Release|Any CPU.ActiveCfg = Release|Any CPU
		{7E14F495-32E8-4E74-B7D3-78D0F8683490}.Release|Any CPU.Build.0 = Release|Any CPU
		{CEF315A3-C685-4359-989E-78257D8C5929}.Debug|Any CPU.ActiveCfg = Debug|Any CPU
		{CEF315A3-C685-4359-989E-78257D8C5929}.Debug|Any CPU.Build.0 = Debug|Any CPU
		{CEF315A3-C685-4359-989E-78257D8C5929}.Release|Any CPU.ActiveCfg = Release|Any CPU
		{CEF315A3-C685-4359-989E-78257D8C5929}.Release|Any CPU.Build.0 = Release|Any CPU
		{E733900F-7C48-4BC1-B52A-D3B5EAAA9540}.Debug|Any CPU.ActiveCfg = Debug|Any CPU
		{E733900F-7C48-4BC1-B52A-D3B5EAAA9540}.Debug|Any CPU.Build.0 = Debug|Any CPU
		{E733900F-7C48-4BC1-B52A-D3B5EAAA9540}.Release|Any CPU.ActiveCfg = Release|Any CPU
		{E733900F-7C48-4BC1-B52A-D3B5EAAA9540}.Release|Any CPU.Build.0 = Release|Any CPU
		{9A033FFD-65B3-4135-A5F6-2638E63F5EEC}.Debug|Any CPU.ActiveCfg = Debug|Any CPU
		{9A033FFD-65B3-4135-A5F6-2638E63F5EEC}.Debug|Any CPU.Build.0 = Debug|Any CPU
		{9A033FFD-65B3-4135-A5F6-2638E63F5EEC}.Release|Any CPU.ActiveCfg = Release|Any CPU
		{9A033FFD-65B3-4135-A5F6-2638E63F5EEC}.Release|Any CPU.Build.0 = Release|Any CPU
		{0A712C23-EB79-4239-A3AB-FE945F5A0CFA}.Debug|Any CPU.ActiveCfg = Debug|Any CPU
		{0A712C23-EB79-4239-A3AB-FE945F5A0CFA}.Debug|Any CPU.Build.0 = Debug|Any CPU
		{0A712C23-EB79-4239-A3AB-FE945F5A0CFA}.Release|Any CPU.ActiveCfg = Release|Any CPU
		{0A712C23-EB79-4239-A3AB-FE945F5A0CFA}.Release|Any CPU.Build.0 = Release|Any CPU
		{A1323ABD-7431-469A-8CF1-B01A91DA2642}.Debug|Any CPU.ActiveCfg = Debug|Any CPU
		{A1323ABD-7431-469A-8CF1-B01A91DA2642}.Debug|Any CPU.Build.0 = Debug|Any CPU
		{A1323ABD-7431-469A-8CF1-B01A91DA2642}.Release|Any CPU.ActiveCfg = Release|Any CPU
		{A1323ABD-7431-469A-8CF1-B01A91DA2642}.Release|Any CPU.Build.0 = Release|Any CPU
		{DE9CD403-77A3-40DF-8E97-47CC2EC3FBDC}.Debug|Any CPU.ActiveCfg = Debug|Any CPU
		{DE9CD403-77A3-40DF-8E97-47CC2EC3FBDC}.Debug|Any CPU.Build.0 = Debug|Any CPU
		{DE9CD403-77A3-40DF-8E97-47CC2EC3FBDC}.Release|Any CPU.ActiveCfg = Release|Any CPU
		{DE9CD403-77A3-40DF-8E97-47CC2EC3FBDC}.Release|Any CPU.Build.0 = Release|Any CPU
		{D8AF9038-D9BC-4F97-8880-5D594972F1D3}.Debug|Any CPU.ActiveCfg = Debug|Any CPU
		{D8AF9038-D9BC-4F97-8880-5D594972F1D3}.Debug|Any CPU.Build.0 = Debug|Any CPU
		{D8AF9038-D9BC-4F97-8880-5D594972F1D3}.Release|Any CPU.ActiveCfg = Release|Any CPU
		{D8AF9038-D9BC-4F97-8880-5D594972F1D3}.Release|Any CPU.Build.0 = Release|Any CPU
	EndGlobalSection
	GlobalSection(SolutionProperties) = preSolution
		HideSolutionNode = FALSE
	EndGlobalSection
	GlobalSection(ExtensibilityGlobals) = postSolution
		SolutionGuid = {8D671981-EA10-4110-900B-0012BA169E74}
	EndGlobalSection
EndGlobal
